
Microsoft Visual Studio Solution File, Format Version 12.00
# Visual Studio Version 17
VisualStudioVersion = 17.5.33516.290
MinimumVisualStudioVersion = 10.0.40219.1
Project("{8BC9CEB8-8B4A-11D0-8D11-00A0C91BC942}") = "Lab7fix", "Lab7fix\Lab7fix.vcxproj", "{18FE68E1-048D-41A0-9276-363043E8C1AD}"
EndProject
Global
	GlobalSection(SolutionConfigurationPlatforms) = preSolution
		Debug|x64 = Debug|x64
		Debug|x86 = Debug|x86
		Release|x64 = Release|x64
		Release|x86 = Release|x86
	EndGlobalSection
	GlobalSection(ProjectConfigurationPlatforms) = postSolution
		{18FE68E1-048D-41A0-9276-363043E8C1AD}.Debug|x64.ActiveCfg = Debug|x64
		{18FE68E1-048D-41A0-9276-363043E8C1AD}.Debug|x64.Build.0 = Debug|x64
		{18FE68E1-048D-41A0-9276-363043E8C1AD}.Debug|x86.ActiveCfg = Debug|Win32
		{18FE68E1-048D-41A0-9276-363043E8C1AD}.Debug|x86.Build.0 = Debug|Win32
		{18FE68E1-048D-41A0-9276-363043E8C1AD}.Release|x64.ActiveCfg = Release|x64
		{18FE68E1-048D-41A0-9276-363043E8C1AD}.Release|x64.Build.0 = Release|x64
		{18FE68E1-048D-41A0-9276-363043E8C1AD}.Release|x86.ActiveCfg = Release|Win32
		{18FE68E1-048D-41A0-9276-363043E8C1AD}.Release|x86.Build.0 = Release|Win32
	EndGlobalSection
	GlobalSection(SolutionProperties) = preSolution
		HideSolutionNode = FALSE
	EndGlobalSection
	GlobalSection(ExtensibilityGlobals) = postSolution
		SolutionGuid = {5072111E-D2DF-4BC6-AC31-E96F581FC635}
	EndGlobalSection
EndGlobal
